
Microsoft Visual Studio Solution File, Format Version 12.00
Project("{FAE04EC0-301F-11D3-BF4B-00C04F79EFBC}") = "MAP_Project", "MAP_Project\MAP_Project.csproj", "{A381497E-C27E-4F86-90F2-9FF52EEE4444}"
EndProject
Global
	GlobalSection(SolutionConfigurationPlatforms) = preSolution
		Debug|Any CPU = Debug|Any CPU
		Release|Any CPU = Release|Any CPU
	EndGlobalSection
	GlobalSection(ProjectConfigurationPlatforms) = postSolution
		{A381497E-C27E-4F86-90F2-9FF52EEE4444}.Debug|Any CPU.ActiveCfg = Debug|Any CPU
		{A381497E-C27E-4F86-90F2-9FF52EEE4444}.Debug|Any CPU.Build.0 = Debug|Any CPU
		{A381497E-C27E-4F86-90F2-9FF52EEE4444}.Release|Any CPU.ActiveCfg = Release|Any CPU
		{A381497E-C27E-4F86-90F2-9FF52EEE4444}.Release|Any CPU.Build.0 = Release|Any CPU
	EndGlobalSection
EndGlobal
